
Microsoft Visual Studio Solution File, Format Version 12.00
# Visual Studio Version 16
VisualStudioVersion = 16.0.31424.327
MinimumVisualStudioVersion = 10.0.40219.1
Project("{FAE04EC0-301F-11D3-BF4B-00C04F79EFBC}") = "BandAPI", "BandAPI\BandAPI.csproj", "{CC079457-EB5B-48E2-87AE-C76890D69F97}"
EndProject
Global
	GlobalSection(SolutionConfigurationPlatforms) = preSolution
		Debug|Any CPU = Debug|Any CPU
		Release|Any CPU = Release|Any CPU
	EndGlobalSection
	GlobalSection(ProjectConfigurationPlatforms) = postSolution
		{CC079457-EB5B-48E2-87AE-C76890D69F97}.Debug|Any CPU.ActiveCfg = Debug|Any CPU
		{CC079457-EB5B-48E2-87AE-C76890D69F97}.Debug|Any CPU.Build.0 = Debug|Any CPU
		{CC079457-EB5B-48E2-87AE-C76890D69F97}.Release|Any CPU.ActiveCfg = Release|Any CPU
		{CC079457-EB5B-48E2-87AE-C76890D69F97}.Release|Any CPU.Build.0 = Release|Any CPU
	EndGlobalSection
	GlobalSection(SolutionProperties) = preSolution
		HideSolutionNode = FALSE
	EndGlobalSection
	GlobalSection(ExtensibilityGlobals) = postSolution
		SolutionGuid = {AF387C59-7750-4D9F-8790-48E5443E6FF2}
	EndGlobalSection
EndGlobal
